
Microsoft Visual Studio Solution File, Format Version 12.00
# Visual Studio Version 16
VisualStudioVersion = 16.0.31613.86
MinimumVisualStudioVersion = 10.0.40219.1
Project("{FAE04EC0-301F-11D3-BF4B-00C04F79EFBC}") = "Vehicleloan", "Vehicleloan\Vehicleloan.csproj", "{2E3D0AAE-17ED-4F8F-A23C-AA4CB3679BCC}"
EndProject
Global
	GlobalSection(SolutionConfigurationPlatforms) = preSolution
		Debug|Any CPU = Debug|Any CPU
		Release|Any CPU = Release|Any CPU
	EndGlobalSection
	GlobalSection(ProjectConfigurationPlatforms) = postSolution
		{2E3D0AAE-17ED-4F8F-A23C-AA4CB3679BCC}.Debug|Any CPU.ActiveCfg = Debug|Any CPU
		{2E3D0AAE-17ED-4F8F-A23C-AA4CB3679BCC}.Debug|Any CPU.Build.0 = Debug|Any CPU
		{2E3D0AAE-17ED-4F8F-A23C-AA4CB3679BCC}.Release|Any CPU.ActiveCfg = Release|Any CPU
		{2E3D0AAE-17ED-4F8F-A23C-AA4CB3679BCC}.Release|Any CPU.Build.0 = Release|Any CPU
	EndGlobalSection
	GlobalSection(SolutionProperties) = preSolution
		HideSolutionNode = FALSE
	EndGlobalSection
	GlobalSection(ExtensibilityGlobals) = postSolution
		SolutionGuid = {AEE0B7EA-D583-49E2-ACFD-9AFD8D85697C}
	EndGlobalSection
EndGlobal
